
Microsoft Visual Studio Solution File, Format Version 12.00
# Visual Studio 15
VisualStudioVersion = 15.0.26730.10
MinimumVisualStudioVersion = 10.0.40219.1
Project("{FAE04EC0-301F-11D3-BF4B-00C04F79EFBC}") = "Pole pewnego koła", "Pole pewnego koła\Pole pewnego koła.csproj", "{D346813B-F9C6-4BA0-B7F4-BE23860C33A9}"
EndProject
Global
	GlobalSection(SolutionConfigurationPlatforms) = preSolution
		Debug|Any CPU = Debug|Any CPU
		Release|Any CPU = Release|Any CPU
	EndGlobalSection
	GlobalSection(ProjectConfigurationPlatforms) = postSolution
		{D346813B-F9C6-4BA0-B7F4-BE23860C33A9}.Debug|Any CPU.ActiveCfg = Debug|Any CPU
		{D346813B-F9C6-4BA0-B7F4-BE23860C33A9}.Debug|Any CPU.Build.0 = Debug|Any CPU
		{D346813B-F9C6-4BA0-B7F4-BE23860C33A9}.Release|Any CPU.ActiveCfg = Release|Any CPU
		{D346813B-F9C6-4BA0-B7F4-BE23860C33A9}.Release|Any CPU.Build.0 = Release|Any CPU
	EndGlobalSection
	GlobalSection(SolutionProperties) = preSolution
		HideSolutionNode = FALSE
	EndGlobalSection
	GlobalSection(ExtensibilityGlobals) = postSolution
		SolutionGuid = {75FDD5B7-C97A-45F3-A27D-8E3D46D96C47}
	EndGlobalSection
EndGlobal
